
Microsoft Visual Studio Solution File, Format Version 12.00
# Visual Studio Version 17
VisualStudioVersion = 17.0.31903.59
MinimumVisualStudioVersion = 10.0.40219.1
Project("{2150E333-8FDC-42A3-9474-1A3956D46DE8}") = "src", "src", "{839BD385-7F4E-4FB5-B7BD-69CCB1FA1E40}"
EndProject
Project("{2150E333-8FDC-42A3-9474-1A3956D46DE8}") = "Services", "Services", "{EC7689BF-836E-4B87-88FB-0C5FC1CB7F29}"
EndProject
Project("{FAE04EC0-301F-11D3-BF4B-00C04F79EFBC}") = "Identity", "src\Services\Identity\Identity.csproj", "{3F382A0F-35B5-4A46-A0CA-96207D643288}"
EndProject
Project("{2150E333-8FDC-42A3-9474-1A3956D46DE8}") = "Api", "Api", "{02010022-F81E-4823-8038-CB33282A3748}"
EndProject
Project("{FAE04EC0-301F-11D3-BF4B-00C04F79EFBC}") = "SignInDemo.Api", "src\Api\SignInDemo.Api\SignInDemo.Api.csproj", "{4F753D1A-2BD5-4455-817B-81AEE8DA3E3D}"
EndProject
Global
	GlobalSection(SolutionConfigurationPlatforms) = preSolution
		Debug|Any CPU = Debug|Any CPU
		Release|Any CPU = Release|Any CPU
	EndGlobalSection
	GlobalSection(SolutionProperties) = preSolution
		HideSolutionNode = FALSE
	EndGlobalSection
	GlobalSection(ProjectConfigurationPlatforms) = postSolution
		{3F382A0F-35B5-4A46-A0CA-96207D643288}.Debug|Any CPU.ActiveCfg = Debug|Any CPU
		{3F382A0F-35B5-4A46-A0CA-96207D643288}.Debug|Any CPU.Build.0 = Debug|Any CPU
		{3F382A0F-35B5-4A46-A0CA-96207D643288}.Release|Any CPU.ActiveCfg = Release|Any CPU
		{3F382A0F-35B5-4A46-A0CA-96207D643288}.Release|Any CPU.Build.0 = Release|Any CPU
		{4F753D1A-2BD5-4455-817B-81AEE8DA3E3D}.Debug|Any CPU.ActiveCfg = Debug|Any CPU
		{4F753D1A-2BD5-4455-817B-81AEE8DA3E3D}.Debug|Any CPU.Build.0 = Debug|Any CPU
		{4F753D1A-2BD5-4455-817B-81AEE8DA3E3D}.Release|Any CPU.ActiveCfg = Release|Any CPU
		{4F753D1A-2BD5-4455-817B-81AEE8DA3E3D}.Release|Any CPU.Build.0 = Release|Any CPU
	EndGlobalSection
	GlobalSection(NestedProjects) = preSolution
		{EC7689BF-836E-4B87-88FB-0C5FC1CB7F29} = {839BD385-7F4E-4FB5-B7BD-69CCB1FA1E40}
		{3F382A0F-35B5-4A46-A0CA-96207D643288} = {EC7689BF-836E-4B87-88FB-0C5FC1CB7F29}
		{02010022-F81E-4823-8038-CB33282A3748} = {839BD385-7F4E-4FB5-B7BD-69CCB1FA1E40}
		{4F753D1A-2BD5-4455-817B-81AEE8DA3E3D} = {02010022-F81E-4823-8038-CB33282A3748}
	EndGlobalSection
EndGlobal
